
Microsoft Visual Studio Solution File, Format Version 12.00
# Visual Studio 14
VisualStudioVersion = 14.0.25420.1
MinimumVisualStudioVersion = 10.0.40219.1
Project("{FAE04EC0-301F-11D3-BF4B-00C04F79EFBC}") = "Bamboo", "Bamboo\Bamboo.csproj", "{5C7F538B-D29C-4DC0-9C8F-D62F9FC56839}"
EndProject
Project("{8BC9CEB8-8B4A-11D0-8D11-00A0C91BC942}") = "Motor", "Motor\Motor.vcxproj", "{14FE62AF-8B60-44F8-AF76-6324F640A6F5}"
EndProject
Project("{8BC9CEB8-8B4A-11D0-8D11-00A0C91BC942}") = "PwmPCA9685", "PwmPCA9685\PwmPCA9685.vcxproj", "{D5440DB9-22CA-4FC5-BC14-D42FA2ABA46A}"
EndProject
Project("{FAE04EC0-301F-11D3-BF4B-00C04F79EFBC}") = "PidController", "..\submodules\pid-controller\PidController\PidController\PidController.csproj", "{5A1005FB-2D9C-4BF3-96E1-1FC20717999D}"
EndProject
Project("{8BC9CEB8-8B4A-11D0-8D11-00A0C91BC942}") = "UniversalMediaEngine", "..\submodules\UniversalMediaEngine\UniversalMediaEngine\UniversalMediaEngine.vcxproj", "{81D46002-EC95-4423-BF6E-DBE82CCD55CA}"
EndProject
Global
	GlobalSection(SolutionConfigurationPlatforms) = preSolution
		Debug|Any CPU = Debug|Any CPU
		Debug|ARM = Debug|ARM
		Debug|x64 = Debug|x64
		Debug|x86 = Debug|x86
		Release_Delay_Sign|Any CPU = Release_Delay_Sign|Any CPU
		Release_Delay_Sign|ARM = Release_Delay_Sign|ARM
		Release_Delay_Sign|x64 = Release_Delay_Sign|x64
		Release_Delay_Sign|x86 = Release_Delay_Sign|x86
		Release|Any CPU = Release|Any CPU
		Release|ARM = Release|ARM
		Release|x64 = Release|x64
		Release|x86 = Release|x86
	EndGlobalSection
	GlobalSection(ProjectConfigurationPlatforms) = postSolution
		{5C7F538B-D29C-4DC0-9C8F-D62F9FC56839}.Debug|Any CPU.ActiveCfg = Debug|x86
		{5C7F538B-D29C-4DC0-9C8F-D62F9FC56839}.Debug|ARM.ActiveCfg = Debug|ARM
		{5C7F538B-D29C-4DC0-9C8F-D62F9FC56839}.Debug|ARM.Build.0 = Debug|ARM
		{5C7F538B-D29C-4DC0-9C8F-D62F9FC56839}.Debug|ARM.Deploy.0 = Debug|ARM
		{5C7F538B-D29C-4DC0-9C8F-D62F9FC56839}.Debug|x64.ActiveCfg = Debug|x64
		{5C7F538B-D29C-4DC0-9C8F-D62F9FC56839}.Debug|x64.Build.0 = Debug|x64
		{5C7F538B-D29C-4DC0-9C8F-D62F9FC56839}.Debug|x64.Deploy.0 = Debug|x64
		{5C7F538B-D29C-4DC0-9C8F-D62F9FC56839}.Debug|x86.ActiveCfg = Debug|x86
		{5C7F538B-D29C-4DC0-9C8F-D62F9FC56839}.Debug|x86.Build.0 = Debug|x86
		{5C7F538B-D29C-4DC0-9C8F-D62F9FC56839}.Debug|x86.Deploy.0 = Debug|x86
		{5C7F538B-D29C-4DC0-9C8F-D62F9FC56839}.Release_Delay_Sign|Any CPU.ActiveCfg = Release|x64
		{5C7F538B-D29C-4DC0-9C8F-D62F9FC56839}.Release_Delay_Sign|Any CPU.Build.0 = Release|x64
		{5C7F538B-D29C-4DC0-9C8F-D62F9FC56839}.Release_Delay_Sign|Any CPU.Deploy.0 = Release|x64
		{5C7F538B-D29C-4DC0-9C8F-D62F9FC56839}.Release_Delay_Sign|ARM.ActiveCfg = Release|ARM
		{5C7F538B-D29C-4DC0-9C8F-D62F9FC56839}.Release_Delay_Sign|ARM.Build.0 = Release|ARM
		{5C7F538B-D29C-4DC0-9C8F-D62F9FC56839}.Release_Delay_Sign|ARM.Deploy.0 = Release|ARM
		{5C7F538B-D29C-4DC0-9C8F-D62F9FC56839}.Release_Delay_Sign|x64.ActiveCfg = Release|x64
		{5C7F538B-D29C-4DC0-9C8F-D62F9FC56839}.Release_Delay_Sign|x64.Build.0 = Release|x64
		{5C7F538B-D29C-4DC0-9C8F-D62F9FC56839}.Release_Delay_Sign|x64.Deploy.0 = Release|x64
		{5C7F538B-D29C-4DC0-9C8F-D62F9FC56839}.Release_Delay_Sign|x86.ActiveCfg = Release|x86
		{5C7F538B-D29C-4DC0-9C8F-D62F9FC56839}.Release_Delay_Sign|x86.Build.0 = Release|x86
		{5C7F538B-D29C-4DC0-9C8F-D62F9FC56839}.Release_Delay_Sign|x86.Deploy.0 = Release|x86
		{5C7F538B-D29C-4DC0-9C8F-D62F9FC56839}.Release|Any CPU.ActiveCfg = Release|x86
		{5C7F538B-D29C-4DC0-9C8F-D62F9FC56839}.Release|ARM.ActiveCfg = Release|ARM
		{5C7F538B-D29C-4DC0-9C8F-D62F9FC56839}.Release|ARM.Build.0 = Release|ARM
		{5C7F538B-D29C-4DC0-9C8F-D62F9FC56839}.Release|ARM.Deploy.0 = Release|ARM
		{5C7F538B-D29C-4DC0-9C8F-D62F9FC56839}.Release|x64.ActiveCfg = Release|x64
		{5C7F538B-D29C-4DC0-9C8F-D62F9FC56839}.Release|x64.Build.0 = Release|x64
		{5C7F538B-D29C-4DC0-9C8F-D62F9FC56839}.Release|x64.Deploy.0 = Release|x64
		{5C7F538B-D29C-4DC0-9C8F-D62F9FC56839}.Release|x86.ActiveCfg = Release|x86
		{5C7F538B-D29C-4DC0-9C8F-D62F9FC56839}.Release|x86.Build.0 = Release|x86
		{5C7F538B-D29C-4DC0-9C8F-D62F9FC56839}.Release|x86.Deploy.0 = Release|x86
		{14FE62AF-8B60-44F8-AF76-6324F640A6F5}.Debug|Any CPU.ActiveCfg = Debug|Win32
		{14FE62AF-8B60-44F8-AF76-6324F640A6F5}.Debug|ARM.ActiveCfg = Debug|ARM
		{14FE62AF-8B60-44F8-AF76-6324F640A6F5}.Debug|ARM.Build.0 = Debug|ARM
		{14FE62AF-8B60-44F8-AF76-6324F640A6F5}.Debug|x64.ActiveCfg = Debug|x64
		{14FE62AF-8B60-44F8-AF76-6324F640A6F5}.Debug|x64.Build.0 = Debug|x64
		{14FE62AF-8B60-44F8-AF76-6324F640A6F5}.Debug|x86.ActiveCfg = Debug|Win32
		{14FE62AF-8B60-44F8-AF76-6324F640A6F5}.Debug|x86.Build.0 = Debug|Win32
		{14FE62AF-8B60-44F8-AF76-6324F640A6F5}.Release_Delay_Sign|Any CPU.ActiveCfg = Release|Win32
		{14FE62AF-8B60-44F8-AF76-6324F640A6F5}.Release_Delay_Sign|Any CPU.Build.0 = Release|Win32
		{14FE62AF-8B60-44F8-AF76-6324F640A6F5}.Release_Delay_Sign|ARM.ActiveCfg = Release|ARM
		{14FE62AF-8B60-44F8-AF76-6324F640A6F5}.Release_Delay_Sign|ARM.Build.0 = Release|ARM
		{14FE62AF-8B60-44F8-AF76-6324F640A6F5}.Release_Delay_Sign|x64.ActiveCfg = Release|x64
		{14FE62AF-8B60-44F8-AF76-6324F640A6F5}.Release_Delay_Sign|x64.Build.0 = Release|x64
		{14FE62AF-8B60-44F8-AF76-6324F640A6F5}.Release_Delay_Sign|x86.ActiveCfg = Release|Win32
		{14FE62AF-8B60-44F8-AF76-6324F640A6F5}.Release_Delay_Sign|x86.Build.0 = Release|Win32
		{14FE62AF-8B60-44F8-AF76-6324F640A6F5}.Release|Any CPU.ActiveCfg = Release|Win32
		{14FE62AF-8B60-44F8-AF76-6324F640A6F5}.Release|ARM.ActiveCfg = Release|ARM
		{14FE62AF-8B60-44F8-AF76-6324F640A6F5}.Release|ARM.Build.0 = Release|ARM
		{14FE62AF-8B60-44F8-AF76-6324F640A6F5}.Release|x64.ActiveCfg = Release|x64
		{14FE62AF-8B60-44F8-AF76-6324F640A6F5}.Release|x64.Build.0 = Release|x64
		{14FE62AF-8B60-44F8-AF76-6324F640A6F5}.Release|x86.ActiveCfg = Release|Win32
		{14FE62AF-8B60-44F8-AF76-6324F640A6F5}.Release|x86.Build.0 = Release|Win32
		{D5440DB9-22CA-4FC5-BC14-D42FA2ABA46A}.Debug|Any CPU.ActiveCfg = Debug|Win32
		{D5440DB9-22CA-4FC5-BC14-D42FA2ABA46A}.Debug|ARM.ActiveCfg = Debug|ARM
		{D5440DB9-22CA-4FC5-BC14-D42FA2ABA46A}.Debug|ARM.Build.0 = Debug|ARM
		{D5440DB9-22CA-4FC5-BC14-D42FA2ABA46A}.Debug|x64.ActiveCfg = Debug|x64
		{D5440DB9-22CA-4FC5-BC14-D42FA2ABA46A}.Debug|x64.Build.0 = Debug|x64
		{D5440DB9-22CA-4FC5-BC14-D42FA2ABA46A}.Debug|x86.ActiveCfg = Debug|Win32
		{D5440DB9-22CA-4FC5-BC14-D42FA2ABA46A}.Debug|x86.Build.0 = Debug|Win32
		{D5440DB9-22CA-4FC5-BC14-D42FA2ABA46A}.Release_Delay_Sign|Any CPU.ActiveCfg = Release|Win32
		{D5440DB9-22CA-4FC5-BC14-D42FA2ABA46A}.Release_Delay_Sign|Any CPU.Build.0 = Release|Win32
		{D5440DB9-22CA-4FC5-BC14-D42FA2ABA46A}.Release_Delay_Sign|ARM.ActiveCfg = Release|ARM
		{D5440DB9-22CA-4FC5-BC14-D42FA2ABA46A}.Release_Delay_Sign|ARM.Build.0 = Release|ARM
		{D5440DB9-22CA-4FC5-BC14-D42FA2ABA46A}.Release_Delay_Sign|x64.ActiveCfg = Release|x64
		{D5440DB9-22CA-4FC5-BC14-D42FA2ABA46A}.Release_Delay_Sign|x64.Build.0 = Release|x64
		{D5440DB9-22CA-4FC5-BC14-D42FA2ABA46A}.Release_Delay_Sign|x86.ActiveCfg = Release|Win32
		{D5440DB9-22CA-4FC5-BC14-D42FA2ABA46A}.Release_Delay_Sign|x86.Build.0 = Release|Win32
		{D5440DB9-22CA-4FC5-BC14-D42FA2ABA46A}.Release|Any CPU.ActiveCfg = Release|Win32
		{D5440DB9-22CA-4FC5-BC14-D42FA2ABA46A}.Release|ARM.ActiveCfg = Release|ARM
		{D5440DB9-22CA-4FC5-BC14-D42FA2ABA46A}.Release|ARM.Build.0 = Release|ARM
		{D5440DB9-22CA-4FC5-BC14-D42FA2ABA46A}.Release|x64.ActiveCfg = Release|x64
		{D5440DB9-22CA-4FC5-BC14-D42FA2ABA46A}.Release|x64.Build.0 = Release|x64
		{D5440DB9-22CA-4FC5-BC14-D42FA2ABA46A}.Release|x86.ActiveCfg = Release|Win32
		{D5440DB9-22CA-4FC5-BC14-D42FA2ABA46A}.Release|x86.Build.0 = Release|Win32
		{5A1005FB-2D9C-4BF3-96E1-1FC20717999D}.Debug|Any CPU.ActiveCfg = Debug|Any CPU
		{5A1005FB-2D9C-4BF3-96E1-1FC20717999D}.Debug|Any CPU.Build.0 = Debug|Any CPU
		{5A1005FB-2D9C-4BF3-96E1-1FC20717999D}.Debug|ARM.ActiveCfg = Debug|ARM
		{5A1005FB-2D9C-4BF3-96E1-1FC20717999D}.Debug|ARM.Build.0 = Debug|ARM
		{5A1005FB-2D9C-4BF3-96E1-1FC20717999D}.Debug|x64.ActiveCfg = Debug|x64
		{5A1005FB-2D9C-4BF3-96E1-1FC20717999D}.Debug|x64.Build.0 = Debug|x64
		{5A1005FB-2D9C-4BF3-96E1-1FC20717999D}.Debug|x86.ActiveCfg = Debug|x86
		{5A1005FB-2D9C-4BF3-96E1-1FC20717999D}.Debug|x86.Build.0 = Debug|x86
		{5A1005FB-2D9C-4BF3-96E1-1FC20717999D}.Release_Delay_Sign|Any CPU.ActiveCfg = Release|Any CPU
		{5A1005FB-2D9C-4BF3-96E1-1FC20717999D}.Release_Delay_Sign|Any CPU.Build.0 = Release|Any CPU
		{5A1005FB-2D9C-4BF3-96E1-1FC20717999D}.Release_Delay_Sign|ARM.ActiveCfg = Release|ARM
		{5A1005FB-2D9C-4BF3-96E1-1FC20717999D}.Release_Delay_Sign|ARM.Build.0 = Release|ARM
		{5A1005FB-2D9C-4BF3-96E1-1FC20717999D}.Release_Delay_Sign|x64.ActiveCfg = Release|x64
		{5A1005FB-2D9C-4BF3-96E1-1FC20717999D}.Release_Delay_Sign|x64.Build.0 = Release|x64
		{5A1005FB-2D9C-4BF3-96E1-1FC20717999D}.Release_Delay_Sign|x86.ActiveCfg = Release|x86
		{5A1005FB-2D9C-4BF3-96E1-1FC20717999D}.Release_Delay_Sign|x86.Build.0 = Release|x86
		{5A1005FB-2D9C-4BF3-96E1-1FC20717999D}.Release|Any CPU.ActiveCfg = Release|Any CPU
		{5A1005FB-2D9C-4BF3-96E1-1FC20717999D}.Release|Any CPU.Build.0 = Release|Any CPU
		{5A1005FB-2D9C-4BF3-96E1-1FC20717999D}.Release|ARM.ActiveCfg = Release|ARM
		{5A1005FB-2D9C-4BF3-96E1-1FC20717999D}.Release|ARM.Build.0 = Release|ARM
		{5A1005FB-2D9C-4BF3-96E1-1FC20717999D}.Release|x64.ActiveCfg = Release|x64
		{5A1005FB-2D9C-4BF3-96E1-1FC20717999D}.Release|x64.Build.0 = Release|x64
		{5A1005FB-2D9C-4BF3-96E1-1FC20717999D}.Release|x86.ActiveCfg = Release|x86
		{5A1005FB-2D9C-4BF3-96E1-1FC20717999D}.Release|x86.Build.0 = Release|x86
		{81D46002-EC95-4423-BF6E-DBE82CCD55CA}.Debug|Any CPU.ActiveCfg = Debug|Win32
		{81D46002-EC95-4423-BF6E-DBE82CCD55CA}.Debug|ARM.ActiveCfg = Debug|ARM
		{81D46002-EC95-4423-BF6E-DBE82CCD55CA}.Debug|ARM.Build.0 = Debug|ARM
		{81D46002-EC95-4423-BF6E-DBE82CCD55CA}.Debug|x64.ActiveCfg = Debug|x64
		{81D46002-EC95-4423-BF6E-DBE82CCD55CA}.Debug|x64.Build.0 = Debug|x64
		{81D46002-EC95-4423-BF6E-DBE82CCD55CA}.Debug|x86.ActiveCfg = Debug|Win32
		{81D46002-EC95-4423-BF6E-DBE82CCD55CA}.Debug|x86.Build.0 = Debug|Win32
		{81D46002-EC95-4423-BF6E-DBE82CCD55CA}.Release_Delay_Sign|Any CPU.ActiveCfg = Release|x64
		{81D46002-EC95-4423-BF6E-DBE82CCD55CA}.Release_Delay_Sign|Any CPU.Build.0 = Release|x64
		{81D46002-EC95-4423-BF6E-DBE82CCD55CA}.Release_Delay_Sign|ARM.ActiveCfg = Release|ARM
		{81D46002-EC95-4423-BF6E-DBE82CCD55CA}.Release_Delay_Sign|ARM.Build.0 = Release|ARM
		{81D46002-EC95-4423-BF6E-DBE82CCD55CA}.Release_Delay_Sign|x64.ActiveCfg = Release|x64
		{81D46002-EC95-4423-BF6E-DBE82CCD55CA}.Release_Delay_Sign|x64.Build.0 = Release|x64
		{81D46002-EC95-4423-BF6E-DBE82CCD55CA}.Release_Delay_Sign|x86.ActiveCfg = Release|Win32
		{81D46002-EC95-4423-BF6E-DBE82CCD55CA}.Release_Delay_Sign|x86.Build.0 = Release|Win32
		{81D46002-EC95-4423-BF6E-DBE82CCD55CA}.Release|Any CPU.ActiveCfg = Release|Win32
		{81D46002-EC95-4423-BF6E-DBE82CCD55CA}.Release|ARM.ActiveCfg = Release|ARM
		{81D46002-EC95-4423-BF6E-DBE82CCD55CA}.Release|ARM.Build.0 = Release|ARM
		{81D46002-EC95-4423-BF6E-DBE82CCD55CA}.Release|x64.ActiveCfg = Release|x64
		{81D46002-EC95-4423-BF6E-DBE82CCD55CA}.Release|x64.Build.0 = Release|x64
		{81D46002-EC95-4423-BF6E-DBE82CCD55CA}.Release|x86.ActiveCfg = Release|Win32
		{81D46002-EC95-4423-BF6E-DBE82CCD55CA}.Release|x86.Build.0 = Release|Win32
	EndGlobalSection
	GlobalSection(SolutionProperties) = preSolution
		HideSolutionNode = FALSE
	EndGlobalSection
EndGlobal
